
Microsoft Visual Studio Solution File, Format Version 12.00
# Visual Studio Version 17
VisualStudioVersion = 17.14.37012.4 d17.14
MinimumVisualStudioVersion = 10.0.40219.1
Project("{FAE04EC0-301F-11D3-BF4B-00C04F79EFBC}") = "Manajemen Distribusi Buah", "Manajemen Distribusi Buah.csproj", "{EE1A9C98-7645-467E-AFF4-B9C53DB2209C}"
EndProject
Global
	GlobalSection(SolutionConfigurationPlatforms) = preSolution
		Debug|Any CPU = Debug|Any CPU
		Release|Any CPU = Release|Any CPU
	EndGlobalSection
	GlobalSection(ProjectConfigurationPlatforms) = postSolution
		{EE1A9C98-7645-467E-AFF4-B9C53DB2209C}.Debug|Any CPU.ActiveCfg = Debug|Any CPU
		{EE1A9C98-7645-467E-AFF4-B9C53DB2209C}.Debug|Any CPU.Build.0 = Debug|Any CPU
		{EE1A9C98-7645-467E-AFF4-B9C53DB2209C}.Release|Any CPU.ActiveCfg = Release|Any CPU
		{EE1A9C98-7645-467E-AFF4-B9C53DB2209C}.Release|Any CPU.Build.0 = Release|Any CPU
	EndGlobalSection
	GlobalSection(SolutionProperties) = preSolution
		HideSolutionNode = FALSE
	EndGlobalSection
	GlobalSection(ExtensibilityGlobals) = postSolution
		SolutionGuid = {C7471B8F-EFC1-4FDA-9B5C-C9A428E4B086}
	EndGlobalSection
EndGlobal
